# Windows x64 / CPython 3.13 release dependencies; hashes pin exact wheels.
pillow==12.3.0 --hash=sha256:1cca606cd25738df4ed873d5ad46bbdb3d83b5cbca291f6b4ff13a4df6b0bbe8
pyperclip==1.11.0 --hash=sha256:299403e9ff44581cb9ba2ffeed69c7aa96a008622ad0c46cb575ca75b5b84273
pystray==0.19.5 --hash=sha256:a0c2229d02cf87207297c22d86ffc57c86c227517b038c0d3c59df79295ac617
six==1.17.0 --hash=sha256:4721f391ed90541fddacab5acf947aa0d3dc7d27b2e1e8eda2be8970586c3274
watchdog==6.0.0 --hash=sha256:cbafb470cf848d93b5d013e2ecb245d4aa1c8fd0504e863ccefa32445359d680
